{
  "pins" : [
    {
      "identity" : "hybridcolor",
      "kind" : "remoteSourceControl",
      "location" : "https://github.com/sentryco/HybridColor.git",
      "state" : {
        "branch" : "main",
        "revision" : "8bf850a24de2bf2229fae616e62058f3a4465941"
      }
    }
  ],
  "version" : 2
}
